<?xml version="1.0" encoding="utf-8"?>
<Project ToolsVersion="4.0" xmlns:atg="http://atg.xbox.com" xmlns="http://schemas.microsoft.com/developer/msbuild/2003">
  <ItemGroup>
    <Filter Include="Resource Files">
      <UniqueIdentifier>{8e114980-c1a3-4ada-ad7c-83caadf5daeb}</UniqueIdentifier>
      <Extensions>rc;ico;cur;bmp;dlg;rc2;rct;bin;rgs;gif;jpg;jpeg;jpe</Extensions>
    </Filter>
    <Filter Include="DXUT">
      <UniqueIdentifier>{a43c5c25-0e86-4a20-b64a-883785ff74fd}</UniqueIdentifier>
    </Filter>
    <Filter Include="Shaders">
      <UniqueIdentifier>{2c3d4c8c-5d1a-459a-a05a-a4e4b608a44e}</UniqueIdentifier>
      <Extensions>fx;fxh;hlsl</Extensions>
    </Filter>
    <Filter Include="mainGame">
      <UniqueIdentifier>{4f88e0ae-7caf-4f92-a317-34c336a1b7bc}</UniqueIdentifier>
    </Filter>
    <Filter Include="managers">
      <UniqueIdentifier>{21054c05-5c97-4b39-b8a3-58c68eb78541}</UniqueIdentifier>
    </Filter>
    <Filter Include="Scenes">
      <UniqueIdentifier>{28116b3b-3caa-42f8-9e7c-0c4192827f2e}</UniqueIdentifier>
    </Filter>
    <Filter Include="Scenes\cScene">
      <UniqueIdentifier>{576389b8-fc60-4aa5-a9b7-eb83c4b2bf93}</UniqueIdentifier>
    </Filter>
    <Filter Include="objects">
      <UniqueIdentifier>{04cff315-ab58-403f-8e04-0ff7c11ae4dd}</UniqueIdentifier>
    </Filter>
    <Filter Include="objects\cScroolMap">
      <UniqueIdentifier>{6739e7b8-0875-43a8-9f85-1ef50670efbb}</UniqueIdentifier>
    </Filter>
    <Filter Include="objects\cPlayer">
      <UniqueIdentifier>{e161414d-f346-45dd-af34-48beffed561c}</UniqueIdentifier>
    </Filter>
    <Filter Include="objects\bullet">
      <UniqueIdentifier>{6be2a2dd-0bc5-425f-8d7e-b45d3f8b3701}</UniqueIdentifier>
    </Filter>
    <Filter Include="objects\bullet\cPlayerBullet">
      <UniqueIdentifier>{f00a165d-f420-4bdd-9473-cf04bba80f74}</UniqueIdentifier>
    </Filter>
    <Filter Include="texture">
      <UniqueIdentifier>{fc2dd075-6ced-4652-9309-d51a2bc3deed}</UniqueIdentifier>
    </Filter>
  </ItemGroup>
  <ItemGroup>
    <None Include="DXUT\Optional\directx.ico">
      <Filter>Resource Files</Filter>
    </None>
    <ClInclude Include="DXUT\Core\DXUT.h">
      <Filter>DXUT</Filter>
    </ClInclude>
    <ClInclude Include="DXUT\Core\DXUTenum.h">
      <Filter>DXUT</Filter>
    </ClInclude>
    <ClInclude Include="DXUT\Core\DXUTmisc.h">
      <Filter>DXUT</Filter>
    </ClInclude>
    <ClCompile Include="DXUT\Core\DXUT.cpp">
      <Filter>DXUT</Filter>
    </ClCompile>
    <ClCompile Include="DXUT\Core\DXUTenum.cpp">
      <Filter>DXUT</Filter>
    </ClCompile>
    <ClCompile Include="DXUT\Core\DXUTmisc.cpp">
      <Filter>DXUT</Filter>
    </ClCompile>
    <ClInclude Include="DXUT\Optional\DXUTcamera.h">
      <Filter>DXUT</Filter>
    </ClInclude>
    <ClInclude Include="DXUT\Optional\DXUTgui.h">
      <Filter>DXUT</Filter>
    </ClInclude>
    <ClInclude Include="DXUT\Optional\DXUTres.h">
      <Filter>DXUT</Filter>
    </ClInclude>
    <ClInclude Include="DXUT\Optional\DXUTsettingsdlg.h">
      <Filter>DXUT</Filter>
    </ClInclude>
    <ClInclude Include="DXUT\Optional\SDKmesh.h">
      <Filter>DXUT</Filter>
    </ClInclude>
    <ClInclude Include="DXUT\Optional\SDKmisc.h">
      <Filter>DXUT</Filter>
    </ClInclude>
    <ClCompile Include="DXUT\Optional\DXUTcamera.cpp">
      <Filter>DXUT</Filter>
    </ClCompile>
    <ClCompile Include="DXUT\Optional\DXUTgui.cpp">
      <Filter>DXUT</Filter>
    </ClCompile>
    <ClCompile Include="DXUT\Optional\DXUTres.cpp">
      <Filter>DXUT</Filter>
    </ClCompile>
    <ClCompile Include="DXUT\Optional\DXUTsettingsdlg.cpp">
      <Filter>DXUT</Filter>
    </ClCompile>
    <ClCompile Include="DXUT\Optional\SDKmesh.cpp">
      <Filter>DXUT</Filter>
    </ClCompile>
    <ClCompile Include="DXUT\Optional\SDKmisc.cpp">
      <Filter>DXUT</Filter>
    </ClCompile>
  </ItemGroup>
  <ItemGroup>
    <ClCompile Include="EmptyProject.cpp" />
    <ClCompile Include="mainGame.cpp">
      <Filter>mainGame</Filter>
    </ClCompile>
    <ClCompile Include="cImageManager.cpp">
      <Filter>managers</Filter>
    </ClCompile>
    <ClCompile Include="cScene.cpp">
      <Filter>Scenes\cScene</Filter>
    </ClCompile>
    <ClCompile Include="cSceneManager.cpp">
      <Filter>managers</Filter>
    </ClCompile>
    <ClCompile Include="cScroolMap.cpp">
      <Filter>objects\cScroolMap</Filter>
    </ClCompile>
    <ClCompile Include="cIngameScene.cpp">
      <Filter>Scenes</Filter>
    </ClCompile>
    <ClCompile Include="cPlayer.cpp">
      <Filter>objects\cPlayer</Filter>
    </ClCompile>
    <ClCompile Include="cBulletAdmin.cpp">
      <Filter>objects\bullet</Filter>
    </ClCompile>
    <ClCompile Include="cBullet.cpp">
      <Filter>objects\bullet</Filter>
    </ClCompile>
    <ClCompile Include="cPlayerBullet.cpp">
      <Filter>objects\bullet\cPlayerBullet</Filter>
    </ClCompile>
    <ClCompile Include="cTexture.cpp">
      <Filter>texture</Filter>
    </ClCompile>
    <ClCompile Include="cUIManager.cpp">
      <Filter>managers</Filter>
    </ClCompile>
    <ClCompile Include="cRenderManager.cpp">
      <Filter>managers</Filter>
    </ClCompile>
    <ClCompile Include="cObjectManager.cpp">
      <Filter>managers</Filter>
    </ClCompile>
    <ClCompile Include="cObject.cpp">
      <Filter>objects</Filter>
    </ClCompile>
  </ItemGroup>
  <ItemGroup>
    <CLInclude Include="resource.h">
      <Filter>Resource Files</Filter>
    </CLInclude>
    <ResourceCompile Include="EmptyProject.rc">
      <Filter>Resource Files</Filter>
    </ResourceCompile>
    <ClInclude Include="mainGame.h">
      <Filter>mainGame</Filter>
    </ClInclude>
    <ClInclude Include="stdafx.h" />
    <ClInclude Include="cImageManager.h">
      <Filter>managers</Filter>
    </ClInclude>
    <ClInclude Include="singleton.h">
      <Filter>managers</Filter>
    </ClInclude>
    <ClInclude Include="cScene.h">
      <Filter>Scenes\cScene</Filter>
    </ClInclude>
    <ClInclude Include="cSceneManager.h">
      <Filter>managers</Filter>
    </ClInclude>
    <ClInclude Include="cScroolMap.h">
      <Filter>objects\cScroolMap</Filter>
    </ClInclude>
    <ClInclude Include="cIngameScene.h">
      <Filter>Scenes</Filter>
    </ClInclude>
    <ClInclude Include="cPlayer.h">
      <Filter>objects\cPlayer</Filter>
    </ClInclude>
    <ClInclude Include="cBulletAdmin.h">
      <Filter>objects\bullet</Filter>
    </ClInclude>
    <ClInclude Include="cBullet.h">
      <Filter>objects\bullet</Filter>
    </ClInclude>
    <ClInclude Include="cPlayerBullet.h">
      <Filter>objects\bullet\cPlayerBullet</Filter>
    </ClInclude>
    <ClInclude Include="cTexture.h">
      <Filter>texture</Filter>
    </ClInclude>
    <ClInclude Include="cUIManager.h">
      <Filter>managers</Filter>
    </ClInclude>
    <ClInclude Include="cRenderManager.h">
      <Filter>managers</Filter>
    </ClInclude>
    <ClInclude Include="cObjectManager.h">
      <Filter>managers</Filter>
    </ClInclude>
    <ClInclude Include="cObject.h">
      <Filter>objects</Filter>
    </ClInclude>
  </ItemGroup>
  <ItemGroup>
  </ItemGroup>
</Project>